
Microsoft Visual Studio Solution File, Format Version 12.00
# Visual Studio 15
VisualStudioVersion = 15.0.26124.0
MinimumVisualStudioVersion = 15.0.26124.0
Project("{2150E333-8FDC-42A3-9474-1A3956D46DE8}") = "src", "src", "{BCCB3B2A-D915-4C32-8882-51550039BE48}"
EndProject
Project("{FAE04EC0-301F-11D3-BF4B-00C04F79EFBC}") = "Aiba", "src\Aiba\Aiba.csproj", "{87D7FA95-480E-4C7F-A3CF-E753FA1A1EB3}"
EndProject
Global
	GlobalSection(SolutionConfigurationPlatforms) = preSolution
		Debug|Any CPU = Debug|Any CPU
		Debug|x64 = Debug|x64
		Debug|x86 = Debug|x86
		Release|Any CPU = Release|Any CPU
		Release|x64 = Release|x64
		Release|x86 = Release|x86
	EndGlobalSection
	GlobalSection(SolutionProperties) = preSolution
		HideSolutionNode = FALSE
	EndGlobalSection
	GlobalSection(ProjectConfigurationPlatforms) = postSolution
		{87D7FA95-480E-4C7F-A3CF-E753FA1A1EB3}.Debug|Any CPU.ActiveCfg = Debug|Any CPU
		{87D7FA95-480E-4C7F-A3CF-E753FA1A1EB3}.Debug|Any CPU.Build.0 = Debug|Any CPU
		{87D7FA95-480E-4C7F-A3CF-E753FA1A1EB3}.Debug|x64.ActiveCfg = Debug|Any CPU
		{87D7FA95-480E-4C7F-A3CF-E753FA1A1EB3}.Debug|x64.Build.0 = Debug|Any CPU
		{87D7FA95-480E-4C7F-A3CF-E753FA1A1EB3}.Debug|x86.ActiveCfg = Debug|Any CPU
		{87D7FA95-480E-4C7F-A3CF-E753FA1A1EB3}.Debug|x86.Build.0 = Debug|Any CPU
		{87D7FA95-480E-4C7F-A3CF-E753FA1A1EB3}.Release|Any CPU.ActiveCfg = Release|Any CPU
		{87D7FA95-480E-4C7F-A3CF-E753FA1A1EB3}.Release|Any CPU.Build.0 = Release|Any CPU
		{87D7FA95-480E-4C7F-A3CF-E753FA1A1EB3}.Release|x64.ActiveCfg = Release|Any CPU
		{87D7FA95-480E-4C7F-A3CF-E753FA1A1EB3}.Release|x64.Build.0 = Release|Any CPU
		{87D7FA95-480E-4C7F-A3CF-E753FA1A1EB3}.Release|x86.ActiveCfg = Release|Any CPU
		{87D7FA95-480E-4C7F-A3CF-E753FA1A1EB3}.Release|x86.Build.0 = Release|Any CPU
	EndGlobalSection
	GlobalSection(NestedProjects) = preSolution
		{87D7FA95-480E-4C7F-A3CF-E753FA1A1EB3} = {BCCB3B2A-D915-4C32-8882-51550039BE48}
	EndGlobalSection
EndGlobal
